
Microsoft Visual Studio Solution File, Format Version 12.00
# Visual Studio Version 17
VisualStudioVersion = 17.2.32408.312
MinimumVisualStudioVersion = 10.0.40219.1
Project("{9A19103F-16F7-4668-BE54-9A1E7A4F7556}") = "MTGDeckBuilder.Patcher", "MTGDeckBuilder.Patcher\MTGDeckBuilder.Patcher.csproj", "{D3D578AC-2BB3-4592-B823-6764DDF4B9E2}"
EndProject
Project("{9A19103F-16F7-4668-BE54-9A1E7A4F7556}") = "MTGDeckBuilder.Core", "MTGDeckBuilder.Core\MTGDeckBuilder.Core.csproj", "{CB0B1AB2-37FA-4B15-AAC7-9DC91FF43A86}"
EndProject
Project("{9A19103F-16F7-4668-BE54-9A1E7A4F7556}") = "MTGDeckBuilder.Services", "MTGDeckBuilder.Services\MTGDeckBuilder.Services.csproj", "{8B898A33-1638-4058-B38A-1F0D3DD97170}"
EndProject
Project("{9A19103F-16F7-4668-BE54-9A1E7A4F7556}") = "MTGDeckBuilder.EF", "MTGDeckBuilder.EF\MTGDeckBuilder.EF.csproj", "{B4EE0D29-3E4A-4526-88C3-7CB757170294}"
EndProject
Project("{54A90642-561A-4BB1-A94E-469ADEE60C69}") = "MTGDeckBuilder.Web", "MTGDeckBuilder.Web\MTGDeckBuilder.Web.esproj", "{4A8C54B9-959E-43DA-9E05-3D29A248048F}"
EndProject
Project("{9A19103F-16F7-4668-BE54-9A1E7A4F7556}") = "MTGDeckBuilder.API", "MTGDeckBuilder.API\MTGDeckBuilder.API.csproj", "{7EF6B850-49DB-4227-A664-362D4B52AFF7}"
EndProject
Project("{9A19103F-16F7-4668-BE54-9A1E7A4F7556}") = "MTGDeckBuilder.DbUp", "MTGDeckBuilder.DbUp\MTGDeckBuilder.DbUp.csproj", "{0924D324-3EC1-4BCD-8011-FB3F878B9663}"
EndProject
Project("{E53339B2-1760-4266-BCC7-CA923CBCF16C}") = "docker-compose", "docker-compose.dcproj", "{1EA27922-C80E-4B9B-A541-042742FA2ED6}"
EndProject
Project("{9A19103F-16F7-4668-BE54-9A1E7A4F7556}") = "MTGDeckBuilder.MTGJson", "MTGDeckBuilder.MTGJson\MTGDeckBuilder.MTGJson\MTGDeckBuilder.MTGJson.csproj", "{844DF266-A4E7-4836-AD7F-3CC4FC03F903}"
EndProject
Project("{FAE04EC0-301F-11D3-BF4B-00C04F79EFBC}") = "MTGDeckBuilder.Fetcher", "..\MTGDeckBuilder.Fetcher\MTGDeckBuilder.Fetcher.csproj", "{CAFE785F-E6D6-4687-A9F2-A6337EC2430D}"
EndProject
Global
	GlobalSection(SolutionConfigurationPlatforms) = preSolution
		Debug|Any CPU = Debug|Any CPU
		Release|Any CPU = Release|Any CPU
	EndGlobalSection
	GlobalSection(ProjectConfigurationPlatforms) = postSolution
		{D3D578AC-2BB3-4592-B823-6764DDF4B9E2}.Debug|Any CPU.ActiveCfg = Debug|Any CPU
		{D3D578AC-2BB3-4592-B823-6764DDF4B9E2}.Debug|Any CPU.Build.0 = Debug|Any CPU
		{D3D578AC-2BB3-4592-B823-6764DDF4B9E2}.Release|Any CPU.ActiveCfg = Release|Any CPU
		{D3D578AC-2BB3-4592-B823-6764DDF4B9E2}.Release|Any CPU.Build.0 = Release|Any CPU
		{CB0B1AB2-37FA-4B15-AAC7-9DC91FF43A86}.Debug|Any CPU.ActiveCfg = Debug|Any CPU
		{CB0B1AB2-37FA-4B15-AAC7-9DC91FF43A86}.Debug|Any CPU.Build.0 = Debug|Any CPU
		{CB0B1AB2-37FA-4B15-AAC7-9DC91FF43A86}.Release|Any CPU.ActiveCfg = Release|Any CPU
		{CB0B1AB2-37FA-4B15-AAC7-9DC91FF43A86}.Release|Any CPU.Build.0 = Release|Any CPU
		{8B898A33-1638-4058-B38A-1F0D3DD97170}.Debug|Any CPU.ActiveCfg = Debug|Any CPU
		{8B898A33-1638-4058-B38A-1F0D3DD97170}.Debug|Any CPU.Build.0 = Debug|Any CPU
		{8B898A33-1638-4058-B38A-1F0D3DD97170}.Release|Any CPU.ActiveCfg = Release|Any CPU
		{8B898A33-1638-4058-B38A-1F0D3DD97170}.Release|Any CPU.Build.0 = Release|Any CPU
		{B4EE0D29-3E4A-4526-88C3-7CB757170294}.Debug|Any CPU.ActiveCfg = Debug|Any CPU
		{B4EE0D29-3E4A-4526-88C3-7CB757170294}.Debug|Any CPU.Build.0 = Debug|Any CPU
		{B4EE0D29-3E4A-4526-88C3-7CB757170294}.Release|Any CPU.ActiveCfg = Release|Any CPU
		{B4EE0D29-3E4A-4526-88C3-7CB757170294}.Release|Any CPU.Build.0 = Release|Any CPU
		{4A8C54B9-959E-43DA-9E05-3D29A248048F}.Debug|Any CPU.ActiveCfg = Debug|Any CPU
		{4A8C54B9-959E-43DA-9E05-3D29A248048F}.Debug|Any CPU.Build.0 = Debug|Any CPU
		{4A8C54B9-959E-43DA-9E05-3D29A248048F}.Debug|Any CPU.Deploy.0 = Debug|Any CPU
		{4A8C54B9-959E-43DA-9E05-3D29A248048F}.Release|Any CPU.ActiveCfg = Release|Any CPU
		{4A8C54B9-959E-43DA-9E05-3D29A248048F}.Release|Any CPU.Build.0 = Release|Any CPU
		{4A8C54B9-959E-43DA-9E05-3D29A248048F}.Release|Any CPU.Deploy.0 = Release|Any CPU
		{7EF6B850-49DB-4227-A664-362D4B52AFF7}.Debug|Any CPU.ActiveCfg = Debug|Any CPU
		{7EF6B850-49DB-4227-A664-362D4B52AFF7}.Debug|Any CPU.Build.0 = Debug|Any CPU
		{7EF6B850-49DB-4227-A664-362D4B52AFF7}.Release|Any CPU.ActiveCfg = Release|Any CPU
		{7EF6B850-49DB-4227-A664-362D4B52AFF7}.Release|Any CPU.Build.0 = Release|Any CPU
		{0924D324-3EC1-4BCD-8011-FB3F878B9663}.Debug|Any CPU.ActiveCfg = Debug|Any CPU
		{0924D324-3EC1-4BCD-8011-FB3F878B9663}.Debug|Any CPU.Build.0 = Debug|Any CPU
		{0924D324-3EC1-4BCD-8011-FB3F878B9663}.Release|Any CPU.ActiveCfg = Release|Any CPU
		{0924D324-3EC1-4BCD-8011-FB3F878B9663}.Release|Any CPU.Build.0 = Release|Any CPU
		{1EA27922-C80E-4B9B-A541-042742FA2ED6}.Debug|Any CPU.ActiveCfg = Debug|Any CPU
		{1EA27922-C80E-4B9B-A541-042742FA2ED6}.Debug|Any CPU.Build.0 = Debug|Any CPU
		{1EA27922-C80E-4B9B-A541-042742FA2ED6}.Release|Any CPU.ActiveCfg = Release|Any CPU
		{1EA27922-C80E-4B9B-A541-042742FA2ED6}.Release|Any CPU.Build.0 = Release|Any CPU
		{844DF266-A4E7-4836-AD7F-3CC4FC03F903}.Debug|Any CPU.ActiveCfg = Debug|Any CPU
		{844DF266-A4E7-4836-AD7F-3CC4FC03F903}.Debug|Any CPU.Build.0 = Debug|Any CPU
		{844DF266-A4E7-4836-AD7F-3CC4FC03F903}.Release|Any CPU.ActiveCfg = Release|Any CPU
		{844DF266-A4E7-4836-AD7F-3CC4FC03F903}.Release|Any CPU.Build.0 = Release|Any CPU
		{CAFE785F-E6D6-4687-A9F2-A6337EC2430D}.Debug|Any CPU.ActiveCfg = Debug|Any CPU
		{CAFE785F-E6D6-4687-A9F2-A6337EC2430D}.Debug|Any CPU.Build.0 = Debug|Any CPU
		{CAFE785F-E6D6-4687-A9F2-A6337EC2430D}.Release|Any CPU.ActiveCfg = Release|Any CPU
		{CAFE785F-E6D6-4687-A9F2-A6337EC2430D}.Release|Any CPU.Build.0 = Release|Any CPU
	EndGlobalSection
	GlobalSection(SolutionProperties) = preSolution
		HideSolutionNode = FALSE
	EndGlobalSection
	GlobalSection(ExtensibilityGlobals) = postSolution
		SolutionGuid = {3ED3B9BD-C14B-493F-BFCA-C2537F9D8BBE}
	EndGlobalSection
EndGlobal
